
Microsoft Visual Studio Solution File, Format Version 12.00
# Visual Studio Version 16
VisualStudioVersion = 16.0.34031.81
MinimumVisualStudioVersion = 10.0.40219.1
Project("{2150E333-8FDC-42A3-9474-1A3956D46DE8}") = "Task0", "Task0", "{4C993303-9636-42D4-BB27-5D524E46F765}"
EndProject
Project("{FAE04EC0-301F-11D3-BF4B-00C04F79EFBC}") = "Tyuiu.ChepurnykhSR.Sprint5.Task0.V17", "Tyuiu.ChepurnykhSR.Sprint5.Task0.V17\Tyuiu.ChepurnykhSR.Sprint5.Task0.V17.csproj", "{8840F2DE-187F-4BCB-94CF-D6D406D9EA7A}"
EndProject
Project("{FAE04EC0-301F-11D3-BF4B-00C04F79EFBC}") = "Tyuiu.ChepurnykhSR.Sprint5.Task0.V17.Lib", "Tyuiu.ChepurnykhSR.Sprint5.Task0.V17.Lib\Tyuiu.ChepurnykhSR.Sprint5.Task0.V17.Lib.csproj", "{E49A4D19-487D-4EF8-BD7F-AAB396640B04}"
EndProject
Project("{FAE04EC0-301F-11D3-BF4B-00C04F79EFBC}") = "Tyuiu.ChepurnykhSR.Sprint5.Task0.V17.Test", "Tyuiu.ChepurnykhSR.Sprint5.Task0.V17.Test\Tyuiu.ChepurnykhSR.Sprint5.Task0.V17.Test.csproj", "{BC65C4D7-FC5D-48CD-B3A4-BC7C122114AC}"
EndProject
Project("{2150E333-8FDC-42A3-9474-1A3956D46DE8}") = "Task1", "Task1", "{C7F118A0-DFA2-4232-A6FB-BE8D403A0F4A}"
EndProject
Project("{FAE04EC0-301F-11D3-BF4B-00C04F79EFBC}") = "Tyuiu.ChepurnykhSR.Sprint5.Task1.V21", "Tyuiu.ChepurnykhSR.Sprint5.Task1.V21\Tyuiu.ChepurnykhSR.Sprint5.Task1.V21.csproj", "{315C32C1-BB50-424B-9E39-E1E060D65C5F}"
EndProject
Project("{FAE04EC0-301F-11D3-BF4B-00C04F79EFBC}") = "Tyuiu.ChepurnykhSR.Sprint5.Task1.V21.Lib", "Tyuiu.ChepurnykhSR.Sprint5.Task1.V21.Lib\Tyuiu.ChepurnykhSR.Sprint5.Task1.V21.Lib.csproj", "{1DD129A6-2729-46D6-A5D9-7A354F0A4B0E}"
EndProject
Project("{FAE04EC0-301F-11D3-BF4B-00C04F79EFBC}") = "Tyuiu.ChepurnykhSR.Sprint5.Task1.V21.Test", "Tyuiu.ChepurnykhSR.Sprint5.Task1.V21.Test\Tyuiu.ChepurnykhSR.Sprint5.Task1.V21.Test.csproj", "{3CD7F0D1-2C30-4A99-9858-CEBAB1DA6B30}"
EndProject
Project("{2150E333-8FDC-42A3-9474-1A3956D46DE8}") = "Task2", "Task2", "{654382A8-22BA-4089-AD23-BAA133ADDE9B}"
EndProject
Project("{FAE04EC0-301F-11D3-BF4B-00C04F79EFBC}") = "Tyuiu.ChepurnykhSR.Sprint5.Task2.V24", "Tyuiu.ChepurnykhSR.Sprint5.Task2.V24\Tyuiu.ChepurnykhSR.Sprint5.Task2.V24.csproj", "{8C8A0686-8E88-49D1-80CD-922B5A799700}"
EndProject
Project("{FAE04EC0-301F-11D3-BF4B-00C04F79EFBC}") = "Tyuiu.ChepurnykhSR.Sprint5.Task2.V24.Lib", "Tyuiu.ChepurnykhSR.Sprint5.Task2.V24.Lib\Tyuiu.ChepurnykhSR.Sprint5.Task2.V24.Lib.csproj", "{C74C17C4-2C20-4803-8835-5B3108C14CB7}"
EndProject
Project("{FAE04EC0-301F-11D3-BF4B-00C04F79EFBC}") = "Tyuiu.ChepurnykhSR.Sprint5.Task2.V24.Test", "Tyuiu.ChepurnykhSR.Sprint5.Task2.V24.Test\Tyuiu.ChepurnykhSR.Sprint5.Task2.V24.Test.csproj", "{68298198-C79C-4C85-9AB9-2063163ED3CA}"
EndProject
Global
	GlobalSection(SolutionConfigurationPlatforms) = preSolution
		Debug|Any CPU = Debug|Any CPU
		Release|Any CPU = Release|Any CPU
	EndGlobalSection
	GlobalSection(ProjectConfigurationPlatforms) = postSolution
		{8840F2DE-187F-4BCB-94CF-D6D406D9EA7A}.Debug|Any CPU.ActiveCfg = Debug|Any CPU
		{8840F2DE-187F-4BCB-94CF-D6D406D9EA7A}.Debug|Any CPU.Build.0 = Debug|Any CPU
		{8840F2DE-187F-4BCB-94CF-D6D406D9EA7A}.Release|Any CPU.ActiveCfg = Release|Any CPU
		{8840F2DE-187F-4BCB-94CF-D6D406D9EA7A}.Release|Any CPU.Build.0 = Release|Any CPU
		{E49A4D19-487D-4EF8-BD7F-AAB396640B04}.Debug|Any CPU.ActiveCfg = Debug|Any CPU
		{E49A4D19-487D-4EF8-BD7F-AAB396640B04}.Debug|Any CPU.Build.0 = Debug|Any CPU
		{E49A4D19-487D-4EF8-BD7F-AAB396640B04}.Release|Any CPU.ActiveCfg = Release|Any CPU
		{E49A4D19-487D-4EF8-BD7F-AAB396640B04}.Release|Any CPU.Build.0 = Release|Any CPU
		{BC65C4D7-FC5D-48CD-B3A4-BC7C122114AC}.Debug|Any CPU.ActiveCfg = Debug|Any CPU
		{BC65C4D7-FC5D-48CD-B3A4-BC7C122114AC}.Debug|Any CPU.Build.0 = Debug|Any CPU
		{BC65C4D7-FC5D-48CD-B3A4-BC7C122114AC}.Release|Any CPU.ActiveCfg = Release|Any CPU
		{BC65C4D7-FC5D-48CD-B3A4-BC7C122114AC}.Release|Any CPU.Build.0 = Release|Any CPU
		{315C32C1-BB50-424B-9E39-E1E060D65C5F}.Debug|Any CPU.ActiveCfg = Debug|Any CPU
		{315C32C1-BB50-424B-9E39-E1E060D65C5F}.Debug|Any CPU.Build.0 = Debug|Any CPU
		{315C32C1-BB50-424B-9E39-E1E060D65C5F}.Release|Any CPU.ActiveCfg = Release|Any CPU
		{315C32C1-BB50-424B-9E39-E1E060D65C5F}.Release|Any CPU.Build.0 = Release|Any CPU
		{1DD129A6-2729-46D6-A5D9-7A354F0A4B0E}.Debug|Any CPU.ActiveCfg = Debug|Any CPU
		{1DD129A6-2729-46D6-A5D9-7A354F0A4B0E}.Debug|Any CPU.Build.0 = Debug|Any CPU
		{1DD129A6-2729-46D6-A5D9-7A354F0A4B0E}.Release|Any CPU.ActiveCfg = Release|Any CPU
		{1DD129A6-2729-46D6-A5D9-7A354F0A4B0E}.Release|Any CPU.Build.0 = Release|Any CPU
		{3CD7F0D1-2C30-4A99-9858-CEBAB1DA6B30}.Debug|Any CPU.ActiveCfg = Debug|Any CPU
		{3CD7F0D1-2C30-4A99-9858-CEBAB1DA6B30}.Debug|Any CPU.Build.0 = Debug|Any CPU
		{3CD7F0D1-2C30-4A99-9858-CEBAB1DA6B30}.Release|Any CPU.ActiveCfg = Release|Any CPU
		{3CD7F0D1-2C30-4A99-9858-CEBAB1DA6B30}.Release|Any CPU.Build.0 = Release|Any CPU
		{8C8A0686-8E88-49D1-80CD-922B5A799700}.Debug|Any CPU.ActiveCfg = Debug|Any CPU
		{8C8A0686-8E88-49D1-80CD-922B5A799700}.Debug|Any CPU.Build.0 = Debug|Any CPU
		{8C8A0686-8E88-49D1-80CD-922B5A799700}.Release|Any CPU.ActiveCfg = Release|Any CPU
		{8C8A0686-8E88-49D1-80CD-922B5A799700}.Release|Any CPU.Build.0 = Release|Any CPU
		{C74C17C4-2C20-4803-8835-5B3108C14CB7}.Debug|Any CPU.ActiveCfg = Debug|Any CPU
		{C74C17C4-2C20-4803-8835-5B3108C14CB7}.Debug|Any CPU.Build.0 = Debug|Any CPU
		{C74C17C4-2C20-4803-8835-5B3108C14CB7}.Release|Any CPU.ActiveCfg = Release|Any CPU
		{C74C17C4-2C20-4803-8835-5B3108C14CB7}.Release|Any CPU.Build.0 = Release|Any CPU
		{68298198-C79C-4C85-9AB9-2063163ED3CA}.Debug|Any CPU.ActiveCfg = Debug|Any CPU
		{68298198-C79C-4C85-9AB9-2063163ED3CA}.Debug|Any CPU.Build.0 = Debug|Any CPU
		{68298198-C79C-4C85-9AB9-2063163ED3CA}.Release|Any CPU.ActiveCfg = Release|Any CPU
		{68298198-C79C-4C85-9AB9-2063163ED3CA}.Release|Any CPU.Build.0 = Release|Any CPU
	EndGlobalSection
	GlobalSection(SolutionProperties) = preSolution
		HideSolutionNode = FALSE
	EndGlobalSection
	GlobalSection(NestedProjects) = preSolution
		{8840F2DE-187F-4BCB-94CF-D6D406D9EA7A} = {4C993303-9636-42D4-BB27-5D524E46F765}
		{E49A4D19-487D-4EF8-BD7F-AAB396640B04} = {4C993303-9636-42D4-BB27-5D524E46F765}
		{BC65C4D7-FC5D-48CD-B3A4-BC7C122114AC} = {4C993303-9636-42D4-BB27-5D524E46F765}
		{315C32C1-BB50-424B-9E39-E1E060D65C5F} = {C7F118A0-DFA2-4232-A6FB-BE8D403A0F4A}
		{1DD129A6-2729-46D6-A5D9-7A354F0A4B0E} = {C7F118A0-DFA2-4232-A6FB-BE8D403A0F4A}
		{3CD7F0D1-2C30-4A99-9858-CEBAB1DA6B30} = {C7F118A0-DFA2-4232-A6FB-BE8D403A0F4A}
		{8C8A0686-8E88-49D1-80CD-922B5A799700} = {654382A8-22BA-4089-AD23-BAA133ADDE9B}
		{C74C17C4-2C20-4803-8835-5B3108C14CB7} = {654382A8-22BA-4089-AD23-BAA133ADDE9B}
		{68298198-C79C-4C85-9AB9-2063163ED3CA} = {654382A8-22BA-4089-AD23-BAA133ADDE9B}
	EndGlobalSection
	GlobalSection(ExtensibilityGlobals) = postSolution
		SolutionGuid = {1F4A4B57-65AA-47F5-87ED-DB720FFB6509}
	EndGlobalSection
EndGlobal
